
Microsoft Visual Studio Solution File, Format Version 12.00
# Visual Studio 14
VisualStudioVersion = 14.0.25420.1
MinimumVisualStudioVersion = 10.0.40219.1
Project("{FAE04EC0-301F-11D3-BF4B-00C04F79EFBC}") = "影像處理", "影像處理\影像處理.csproj", "{7547A25B-E0F7-4B54-B8B8-D7F6E03A14D6}"
EndProject
Global
	GlobalSection(SolutionConfigurationPlatforms) = preSolution
		Debug|Any CPU = Debug|Any CPU
		Release|Any CPU = Release|Any CPU
	EndGlobalSection
	GlobalSection(ProjectConfigurationPlatforms) = postSolution
		{7547A25B-E0F7-4B54-B8B8-D7F6E03A14D6}.Debug|Any CPU.ActiveCfg = Debug|Any CPU
		{7547A25B-E0F7-4B54-B8B8-D7F6E03A14D6}.Debug|Any CPU.Build.0 = Debug|Any CPU
		{7547A25B-E0F7-4B54-B8B8-D7F6E03A14D6}.Release|Any CPU.ActiveCfg = Release|Any CPU
		{7547A25B-E0F7-4B54-B8B8-D7F6E03A14D6}.Release|Any CPU.Build.0 = Release|Any CPU
	EndGlobalSection
	GlobalSection(SolutionProperties) = preSolution
		HideSolutionNode = FALSE
	EndGlobalSection
EndGlobal
